
Microsoft Visual Studio Solution File, Format Version 12.00
# Visual Studio Version 17
VisualStudioVersion = 17.4.33110.190
MinimumVisualStudioVersion = 10.0.40219.1
Project("{FAE04EC0-301F-11D3-BF4B-00C04F79EFBC}") = "CollectionMethods", "CollectionMethods\CollectionMethods.csproj", "{D28613A4-57AA-44C7-97AF-17B445E4FCB5}"
EndProject
Global
	GlobalSection(SolutionConfigurationPlatforms) = preSolution
		Debug|Any CPU = Debug|Any CPU
		Release|Any CPU = Release|Any CPU
	EndGlobalSection
	GlobalSection(ProjectConfigurationPlatforms) = postSolution
		{D28613A4-57AA-44C7-97AF-17B445E4FCB5}.Debug|Any CPU.ActiveCfg = Debug|Any CPU
		{D28613A4-57AA-44C7-97AF-17B445E4FCB5}.Debug|Any CPU.Build.0 = Debug|Any CPU
		{D28613A4-57AA-44C7-97AF-17B445E4FCB5}.Release|Any CPU.ActiveCfg = Release|Any CPU
		{D28613A4-57AA-44C7-97AF-17B445E4FCB5}.Release|Any CPU.Build.0 = Release|Any CPU
	EndGlobalSection
	GlobalSection(SolutionProperties) = preSolution
		HideSolutionNode = FALSE
	EndGlobalSection
	GlobalSection(ExtensibilityGlobals) = postSolution
		SolutionGuid = {EC0FA0DF-379A-4365-BD7C-35CC3E74F1B2}
	EndGlobalSection
EndGlobal
